// !$*UTF8*$!
{
	archiveVersion = 1;
	classes = {
	};
	objectVersion = 50;
	objects = {

/* Begin PBXBuildFile section */
		6B085C0F2601EC02002014DD /* AppDelegate.swift in Sources */ = {isa = PBXBuildFile; fileRef = 6B085C0E2601EC02002014DD /* AppDelegate.swift */; };
		6B085C112601EC02002014DD /* SceneDelegate.swift in Sources */ = {isa = PBXBuildFile; fileRef = 6B085C102601EC02002014DD /* SceneDelegate.swift */; };
		6B085C132601EC02002014DD /* ViewController.swift in Sources */ = {isa = PBXBuildFile; fileRef = 6B085C122601EC02002014DD /* ViewController.swift */; };
		6B085C182601EC03002014DD /* Assets.xcassets in Resources */ = {isa = PBXBuildFile; fileRef = 6B085C172601EC03002014DD /* Assets.xcassets */; };
		6B085C1B2601EC03002014DD /* LaunchScreen.storyboard in Resources */ = {isa = PBXBuildFile; fileRef = 6B085C192601EC03002014DD /* LaunchScreen.storyboard */; };
		6B085C252601ED13002014DD /* Constants.swift in Sources */ = {isa = PBXBuildFile; fileRef = 6B085C242601ED13002014DD /* Constants.swift */; };
		6B165F3126099E16002843F2 /* Response.swift in Sources */ = {isa = PBXBuildFile; fileRef = 6B165F3026099E16002843F2 /* Response.swift */; };
		6B717648260332CA002603F9 /* Model.swift in Sources */ = {isa = PBXBuildFile; fileRef = 6B717647260332CA002603F9 /* Model.swift */; };
		6B71764B2603388F002603F9 /* Video.swift in Sources */ = {isa = PBXBuildFile; fileRef = 6B71764A2603388F002603F9 /* Video.swift */; };
		6BDC38AE260D8AB000CF6C45 /* CacheManager.swift in Sources */ = {isa = PBXBuildFile; fileRef = 6BDC38AD260D8AB000CF6C45 /* CacheManager.swift */; };
		6BDC38B6260D8BC300CF6C45 /* VideoTableViewCell.swift in Sources */ = {isa = PBXBuildFile; fileRef = 6BDC38B5260D8BC300CF6C45 /* VideoTableViewCell.swift */; };
		6BE617F926117DB20005AF68 /* Main.storyboard in Resources */ = {isa = PBXBuildFile; fileRef = 6BE617F826117DB20005AF68 /* Main.storyboard */; };
		6BE617FC261180D70005AF68 /* DetailViewConteroller.swift in Sources */ = {isa = PBXBuildFile; fileRef = 6BE617FB261180D70005AF68 /* DetailViewConteroller.swift */; };
/* End PBXBuildFile section */

/* Begin PBXFileReference section */
		6B085C0B2601EC02002014DD /* Youtube Clone.app */ = {isa = PBXFileReference; explicitFileType = wrapper.application; includeInIndex = 0; path = "Youtube Clone.app"; sourceTree = BUILT_PRODUCTS_DIR; };
		6B085C0E2601EC02002014DD /* AppDelegate.swift */ = {isa = PBXFileReference; lastKnownFileType = sourcecode.swift; path = AppDelegate.swift; sourceTree = "<group>"; };
		6B085C102601EC02002014DD /* SceneDelegate.swift */ = {isa = PBXFileReference; lastKnownFileType = sourcecode.swift; path = SceneDelegate.swift; sourceTree = "<group>"; };
		6B085C122601EC02002014DD /* ViewController.swift */ = {isa = PBXFileReference; lastKnownFileType = sourcecode.swift; path = ViewController.swift; sourceTree = "<group>"; };
		6B085C172601EC03002014DD /* Assets.xcassets */ = {isa = PBXFileReference; lastKnownFileType = folder.assetcatalog; path = Assets.xcassets; sourceTree = "<group>"; };
		6B085C1A2601EC03002014DD /* Base */ = {isa = PBXFileReference; lastKnownFileType = file.storyboard; name = Base; path = Base.lproj/LaunchScreen.storyboard; sourceTree = "<group>"; };
		6B085C1C2601EC03002014DD /* Info.plist */ = {isa = PBXFileReference; lastKnownFileType = text.plist.xml; path = Info.plist; sourceTree = "<group>"; };
		6B085C242601ED13002014DD /* Constants.swift */ = {isa = PBXFileReference; lastKnownFileType = sourcecode.swift; path = Constants.swift; sourceTree = "<group>"; };
		6B165F3026099E16002843F2 /* Response.swift */ = {isa = PBXFileReference; lastKnownFileType = sourcecode.swift; path = Response.swift; sourceTree = "<group>"; };
		6B717647260332CA002603F9 /* Model.swift */ = {isa = PBXFileReference; lastKnownFileType = sourcecode.swift; path = Model.swift; sourceTree = "<group>"; };
		6B71764A2603388F002603F9 /* Video.swift */ = {isa = PBXFileReference; lastKnownFileType = sourcecode.swift; path = Video.swift; sourceTree = "<group>"; };
		6BDC38AD260D8AB000CF6C45 /* CacheManager.swift */ = {isa = PBXFileReference; lastKnownFileType = sourcecode.swift; path = CacheManager.swift; sourceTree = "<group>"; };
		6BDC38B5260D8BC300CF6C45 /* VideoTableViewCell.swift */ = {isa = PBXFileReference; lastKnownFileType = sourcecode.swift; path = VideoTableViewCell.swift; sourceTree = "<group>"; };
		6BE617F826117DB20005AF68 /* Main.storyboard */ = {isa = PBXFileReference; fileEncoding = 4; lastKnownFileType = file.storyboard; name = Main.storyboard; path = ../../../../../../../../Downloads/Main.storyboard; sourceTree = "<group>"; };
		6BE617FB261180D70005AF68 /* DetailViewConteroller.swift */ = {isa = PBXFileReference; lastKnownFileType = sourcecode.swift; path = DetailViewConteroller.swift; sourceTree = "<group>"; };
/* End PBXFileReference section */

/* Begin PBXFrameworksBuildPhase section */
		6B085C082601EC01002014DD /* Frameworks */ = {
			isa = PBXFrameworksBuildPhase;
			buildActionMask = 2147483647;
			files = (
			);
			runOnlyForDeploymentPostprocessing = 0;
		};
/* End PBXFrameworksBuildPhase section */

/* Begin PBXGroup section */
		6B085C022601EC01002014DD = {
			isa = PBXGroup;
			children = (
				6B085C0D2601EC02002014DD /* Youtube Clone */,
				6B085C0C2601EC02002014DD /* Products */,
			);
			sourceTree = "<group>";
		};
		6B085C0C2601EC02002014DD /* Products */ = {
			isa = PBXGroup;
			children = (
				6B085C0B2601EC02002014DD /* Youtube Clone.app */,
			);
			name = Products;
			sourceTree = "<group>";
		};
		6B085C0D2601EC02002014DD /* Youtube Clone */ = {
			isa = PBXGroup;
			children = (
				6B085C0E2601EC02002014DD /* AppDelegate.swift */,
				6B085C102601EC02002014DD /* SceneDelegate.swift */,
				6BDC38B2260D8B5100CF6C45 /* ViewControllers */,
				6BDC38B4260D8B9300CF6C45 /* Views */,
				6BDC38B1260D8B1C00CF6C45 /* Models */,
				6BDC38B0260D8ABE00CF6C45 /* Storyboards */,
				6B085C232601ECA6002014DD /* Helper */,
				6B085C172601EC03002014DD /* Assets.xcassets */,
				6B085C1C2601EC03002014DD /* Info.plist */,
			);
			path = "Youtube Clone";
			sourceTree = "<group>";
		};
		6B085C232601ECA6002014DD /* Helper */ = {
			isa = PBXGroup;
			children = (
				6B085C242601ED13002014DD /* Constants.swift */,
				6BDC38AD260D8AB000CF6C45 /* CacheManager.swift */,
			);
			path = Helper;
			sourceTree = "<group>";
		};
		6BDC38B0260D8ABE00CF6C45 /* Storyboards */ = {
			isa = PBXGroup;
			children = (
				6BE617F826117DB20005AF68 /* Main.storyboard */,
				6B085C192601EC03002014DD /* LaunchScreen.storyboard */,
			);
			path = Storyboards;
			sourceTree = "<group>";
		};
		6BDC38B1260D8B1C00CF6C45 /* Models */ = {
			isa = PBXGroup;
			children = (
				6B717647260332CA002603F9 /* Model.swift */,
				6B71764A2603388F002603F9 /* Video.swift */,
				6B165F3026099E16002843F2 /* Response.swift */,
			);
			path = Models;
			sourceTree = "<group>";
		};
		6BDC38B2260D8B5100CF6C45 /* ViewControllers */ = {
			isa = PBXGroup;
			children = (
				6B085C122601EC02002014DD /* ViewController.swift */,
				6BE617FB261180D70005AF68 /* DetailViewConteroller.swift */,
			);
			path = ViewControllers;
			sourceTree = "<group>";
		};
		6BDC38B4260D8B9300CF6C45 /* Views */ = {
			isa = PBXGroup;
			children = (
				6BDC38B5260D8BC300CF6C45 /* VideoTableViewCell.swift */,
			);
			path = Views;
			sourceTree = "<group>";
		};
/* End PBXGroup section */

/* Begin PBXNativeTarget section */
		6B085C0A2601EC01002014DD /* Youtube Clone */ = {
			isa = PBXNativeTarget;
			buildConfigurationList = 6B085C1F2601EC03002014DD /* Build configuration list for PBXNativeTarget "Youtube Clone" */;
			buildPhases = (
				6B085C072601EC01002014DD /* Sources */,
				6B085C082601EC01002014DD /* Frameworks */,
				6B085C092601EC01002014DD /* Resources */,
			);
			buildRules = (
			);
			dependencies = (
			);
			name = "Youtube Clone";
			productName = "Youtube Clone";
			productReference = 6B085C0B2601EC02002014DD /* Youtube Clone.app */;
			productType = "com.apple.product-type.application";
		};
/* End PBXNativeTarget section */

/* Begin PBXProject section */
		6B085C032601EC01002014DD /* Project object */ = {
			isa = PBXProject;
			attributes = {
				LastSwiftUpdateCheck = 1200;
				LastUpgradeCheck = 1200;
				TargetAttributes = {
					6B085C0A2601EC01002014DD = {
						CreatedOnToolsVersion = 12.0;
					};
				};
			};
			buildConfigurationList = 6B085C062601EC01002014DD /* Build configuration list for PBXProject "Youtube Clone" */;
			compatibilityVersion = "Xcode 9.3";
			developmentRegion = en;
			hasScannedForEncodings = 0;
			knownRegions = (
				en,
				Base,
			);
			mainGroup = 6B085C022601EC01002014DD;
			productRefGroup = 6B085C0C2601EC02002014DD /* Products */;
			projectDirPath = "";
			projectRoot = "";
			targets = (
				6B085C0A2601EC01002014DD /* Youtube Clone */,
			);
		};
/* End PBXProject section */

/* Begin PBXResourcesBuildPhase section */
		6B085C092601EC01002014DD /* Resources */ = {
			isa = PBXResourcesBuildPhase;
			buildActionMask = 2147483647;
			files = (
				6BE617F926117DB20005AF68 /* Main.storyboard in Resources */,
				6B085C1B2601EC03002014DD /* LaunchScreen.storyboard in Resources */,
				6B085C182601EC03002014DD /* Assets.xcassets in Resources */,
			);
			runOnlyForDeploymentPostprocessing = 0;
		};
/* End PBXResourcesBuildPhase section */

/* Begin PBXSourcesBuildPhase section */
		6B085C072601EC01002014DD /* Sources */ = {
			isa = PBXSourcesBuildPhase;
			buildActionMask = 2147483647;
			files = (
				6B717648260332CA002603F9 /* Model.swift in Sources */,
				6B71764B2603388F002603F9 /* Video.swift in Sources */,
				6B085C132601EC02002014DD /* ViewController.swift in Sources */,
				6BE617FC261180D70005AF68 /* DetailViewConteroller.swift in Sources */,
				6B085C0F2601EC02002014DD /* AppDelegate.swift in Sources */,
				6BDC38AE260D8AB000CF6C45 /* CacheManager.swift in Sources */,
				6B085C112601EC02002014DD /* SceneDelegate.swift in Sources */,
				6B085C252601ED13002014DD /* Constants.swift in Sources */,
				6B165F3126099E16002843F2 /* Response.swift in Sources */,
				6BDC38B6260D8BC300CF6C45 /* VideoTableViewCell.swift in Sources */,
			);
			runOnlyForDeploymentPostprocessing = 0;
		};
/* End PBXSourcesBuildPhase section */

/* Begin PBXVariantGroup section */
		6B085C192601EC03002014DD /* LaunchScreen.storyboard */ = {
			isa = PBXVariantGroup;
			children = (
				6B085C1A2601EC03002014DD /* Base */,
			);
			name = LaunchScreen.storyboard;
			sourceTree = "<group>";
		};
/* End PBXVariantGroup section */

/* Begin XCBuildConfiguration section */
		6B085C1D2601EC03002014DD /* Debug */ = {
			isa = XCBuildConfiguration;
			buildSettings = {
				ALWAYS_SEARCH_USER_PATHS = NO;
				CLANG_ANALYZER_NONNULL = YES;
				CLANG_ANALYZER_NUMBER_OBJECT_CONVERSION = YES_AGGRESSIVE;
				CLANG_CXX_LANGUAGE_STANDARD = "gnu++14";
				CLANG_CXX_LIBRARY = "libc++";
				CLANG_ENABLE_MODULES = YES;
				CLANG_ENABLE_OBJC_ARC = YES;
				CLANG_ENABLE_OBJC_WEAK = YES;
				CLANG_WARN_BLOCK_CAPTURE_AUTORELEASING = YES;
				CLANG_WARN_BOOL_CONVERSION = YES;
				CLANG_WARN_COMMA = YES;
				CLANG_WARN_CONSTANT_CONVERSION = YES;
				CLANG_WARN_DEPRECATED_OBJC_IMPLEMENTATIONS = YES;
				CLANG_WARN_DIRECT_OBJC_ISA_USAGE = YES_ERROR;
				CLANG_WARN_DOCUMENTATION_COMMENTS = YES;
				CLANG_WARN_EMPTY_BODY = YES;
				CLANG_WARN_ENUM_CONVERSION = YES;
				CLANG_WARN_INFINITE_RECURSION = YES;
				CLANG_WARN_INT_CONVERSION = YES;
				CLANG_WARN_NON_LITERAL_NULL_CONVERSION = YES;
				CLANG_WARN_OBJC_IMPLICIT_RETAIN_SELF = YES;
				CLANG_WARN_OBJC_LITERAL_CONVERSION = YES;
				CLANG_WARN_OBJC_ROOT_CLASS = YES_ERROR;
				CLANG_WARN_QUOTED_INCLUDE_IN_FRAMEWORK_HEADER = YES;
				CLANG_WARN_RANGE_LOOP_ANALYSIS = YES;
				CLANG_WARN_STRICT_PROTOTYPES = YES;
				CLANG_WARN_SUSPICIOUS_MOVE = YES;
				CLANG_WARN_UNGUARDED_AVAILABILITY = YES_AGGRESSIVE;
				CLANG_WARN_UNREACHABLE_CODE = YES;
				CLANG_WARN__DUPLICATE_METHOD_MATCH = YES;
				COPY_PHASE_STRIP = NO;
				DEBUG_INFORMATION_FORMAT = dwarf;
				ENABLE_STRICT_OBJC_MSGSEND = YES;
				ENABLE_TESTABILITY = YES;
				GCC_C_LANGUAGE_STANDARD = gnu11;
				GCC_DYNAMIC_NO_PIC = NO;
				GCC_NO_COMMON_BLOCKS = YES;
				GCC_OPTIMIZATION_LEVEL = 0;
				GCC_PREPROCESSOR_DEFINITIONS = (
					"DEBUG=1",
					"$(inherited)",
				);
				GCC_WARN_64_TO_32_BIT_CONVERSION = YES;
				GCC_WARN_ABOUT_RETURN_TYPE = YES_ERROR;
				GCC_WARN_UNDECLARED_SELECTOR = YES;
				GCC_WARN_UNINITIALIZED_AUTOS = YES_AGGRESSIVE;
				GCC_WARN_UNUSED_FUNCTION = YES;
				GCC_WARN_UNUSED_VARIABLE = YES;
				IPHONEOS_DEPLOYMENT_TARGET = 14.0;
				MTL_ENABLE_DEBUG_INFO = INCLUDE_SOURCE;
				MTL_FAST_MATH = YES;
				ONLY_ACTIVE_ARCH = YES;
				SDKROOT = iphoneos;
				SWIFT_ACTIVE_COMPILATION_CONDITIONS = DEBUG;
				SWIFT_OPTIMIZATION_LEVEL = "-Onone";
			};
			name = Debug;
		};
		6B085C1E2601EC03002014DD /* Release */ = {
			isa = XCBuildConfiguration;
			buildSettings = {
				ALWAYS_SEARCH_USER_PATHS = NO;
				CLANG_ANALYZER_NONNULL = YES;
				CLANG_ANALYZER_NUMBER_OBJECT_CONVERSION = YES_AGGRESSIVE;
				CLANG_CXX_LANGUAGE_STANDARD = "gnu++14";
				CLANG_CXX_LIBRARY = "libc++";
				CLANG_ENABLE_MODULES = YES;
				CLANG_ENABLE_OBJC_ARC = YES;
				CLANG_ENABLE_OBJC_WEAK = YES;
				CLANG_WARN_BLOCK_CAPTURE_AUTORELEASING = YES;
				CLANG_WARN_BOOL_CONVERSION = YES;
				CLANG_WARN_COMMA = YES;
				CLANG_WARN_CONSTANT_CONVERSION = YES;
				CLANG_WARN_DEPRECATED_OBJC_IMPLEMENTATIONS = YES;
				CLANG_WARN_DIRECT_OBJC_ISA_USAGE = YES_ERROR;
				CLANG_WARN_DOCUMENTATION_COMMENTS = YES;
				CLANG_WARN_EMPTY_BODY = YES;
				CLANG_WARN_ENUM_CONVERSION = YES;
				CLANG_WARN_INFINITE_RECURSION = YES;
				CLANG_WARN_INT_CONVERSION = YES;
				CLANG_WARN_NON_LITERAL_NULL_CONVERSION = YES;
				CLANG_WARN_OBJC_IMPLICIT_RETAIN_SELF = YES;
				CLANG_WARN_OBJC_LITERAL_CONVERSION = YES;
				CLANG_WARN_OBJC_ROOT_CLASS = YES_ERROR;
				CLANG_WARN_QUOTED_INCLUDE_IN_FRAMEWORK_HEADER = YES;
				CLANG_WARN_RANGE_LOOP_ANALYSIS = YES;
				CLANG_WARN_STRICT_PROTOTYPES = YES;
				CLANG_WARN_SUSPICIOUS_MOVE = YES;
				CLANG_WARN_UNGUARDED_AVAILABILITY = YES_AGGRESSIVE;
				CLANG_WARN_UNREACHABLE_CODE = YES;
				CLANG_WARN__DUPLICATE_METHOD_MATCH = YES;
				COPY_PHASE_STRIP = NO;
				DEBUG_INFORMATION_FORMAT = "dwarf-with-dsym";
				ENABLE_NS_ASSERTIONS = NO;
				ENABLE_STRICT_OBJC_MSGSEND = YES;
				GCC_C_LANGUAGE_STANDARD = gnu11;
				GCC_NO_COMMON_BLOCKS = YES;
				GCC_WARN_64_TO_32_BIT_CONVERSION = YES;
				GCC_WARN_ABOUT_RETURN_TYPE = YES_ERROR;
				GCC_WARN_UNDECLARED_SELECTOR = YES;
				GCC_WARN_UNINITIALIZED_AUTOS = YES_AGGRESSIVE;
				GCC_WARN_UNUSED_FUNCTION = YES;
				GCC_WARN_UNUSED_VARIABLE = YES;
				IPHONEOS_DEPLOYMENT_TARGET = 14.0;
				MTL_ENABLE_DEBUG_INFO = NO;
				MTL_FAST_MATH = YES;
				SDKROOT = iphoneos;
				SWIFT_COMPILATION_MODE = wholemodule;
				SWIFT_OPTIMIZATION_LEVEL = "-O";
				VALIDATE_PRODUCT = YES;
			};
			name = Release;
		};
		6B085C202601EC03002014DD /* Debug */ = {
			isa = XCBuildConfiguration;
			buildSettings = {
				ASSETCATALOG_COMPILER_APPICON_NAME = AppIcon;
				ASSETCATALOG_COMPILER_GLOBAL_ACCENT_COLOR_NAME = AccentColor;
				CODE_SIGN_STYLE = Automatic;
				DEVELOPMENT_TEAM = 467A8FJB76;
				INFOPLIST_FILE = "Youtube Clone/Info.plist";
				LD_RUNPATH_SEARCH_PATHS = (
					"$(inherited)",
					"@executable_path/Frameworks",
				);
				PRODUCT_BUNDLE_IDENTIFIER = "growdev.Youtube-Clone";
				PRODUCT_NAME = "$(TARGET_NAME)";
				SWIFT_VERSION = 5.0;
				TARGETED_DEVICE_FAMILY = "1,2";
			};
			name = Debug;
		};
		6B085C212601EC03002014DD /* Release */ = {
			isa = XCBuildConfiguration;
			buildSettings = {
				ASSETCATALOG_COMPILER_APPICON_NAME = AppIcon;
				ASSETCATALOG_COMPILER_GLOBAL_ACCENT_COLOR_NAME = AccentColor;
				CODE_SIGN_STYLE = Automatic;
				DEVELOPMENT_TEAM = 467A8FJB76;
				INFOPLIST_FILE = "Youtube Clone/Info.plist";
				LD_RUNPATH_SEARCH_PATHS = (
					"$(inherited)",
					"@executable_path/Frameworks",
				);
				PRODUCT_BUNDLE_IDENTIFIER = "growdev.Youtube-Clone";
				PRODUCT_NAME = "$(TARGET_NAME)";
				SWIFT_VERSION = 5.0;
				TARGETED_DEVICE_FAMILY = "1,2";
			};
			name = Release;
		};
/* End XCBuildConfiguration section */

/* Begin XCConfigurationList section */
		6B085C062601EC01002014DD /* Build configuration list for PBXProject "Youtube Clone" */ = {
			isa = XCConfigurationList;
			buildConfigurations = (
				6B085C1D2601EC03002014DD /* Debug */,
				6B085C1E2601EC03002014DD /* Release */,
			);
			defaultConfigurationIsVisible = 0;
			defaultConfigurationName = Release;
		};
		6B085C1F2601EC03002014DD /* Build configuration list for PBXNativeTarget "Youtube Clone" */ = {
			isa = XCConfigurationList;
			buildConfigurations = (
				6B085C202601EC03002014DD /* Debug */,
				6B085C212601EC03002014DD /* Release */,
			);
			defaultConfigurationIsVisible = 0;
			defaultConfigurationName = Release;
		};
/* End XCConfigurationList section */
	};
	rootObject = 6B085C032601EC01002014DD /* Project object */;
}
